// !$*UTF8*$!
{
	archiveVersion = 1;
	classes = {
	};
	objectVersion = 55;
	objects = {

/* Begin PBXBuildFile section */
		181EDA8A26AF019900184BB1 /* ARElementaryApp.swift in Sources */ = {isa = PBXBuildFile; fileRef = 181EDA8926AF019900184BB1 /* ARElementaryApp.swift */; };
		181EDA8C26AF019900184BB1 /* ContentView.swift in Sources */ = {isa = PBXBuildFile; fileRef = 181EDA8B26AF019900184BB1 /* ContentView.swift */; };
		181EDA8E26AF019B00184BB1 /* Assets.xcassets in Resources */ = {isa = PBXBuildFile; fileRef = 181EDA8D26AF019B00184BB1 /* Assets.xcassets */; };
		181EDA9126AF019B00184BB1 /* Preview Assets.xcassets in Resources */ = {isa = PBXBuildFile; fileRef = 181EDA9026AF019B00184BB1 /* Preview Assets.xcassets */; };
		181EDA9B26AF019B00184BB1 /* ARElementaryTests.swift in Sources */ = {isa = PBXBuildFile; fileRef = 181EDA9A26AF019B00184BB1 /* ARElementaryTests.swift */; };
		181EDAA526AF019B00184BB1 /* ARElementaryUITests.swift in Sources */ = {isa = PBXBuildFile; fileRef = 181EDAA426AF019B00184BB1 /* ARElementaryUITests.swift */; };
		181EDAB226AF01E000184BB1 /* Experience.rcproject in Sources */ = {isa = PBXBuildFile; fileRef = 181EDAB126AF01E000184BB1 /* Experience.rcproject */; };
		181EDAB426AF020800184BB1 /* AppDelegate.swift in Sources */ = {isa = PBXBuildFile; fileRef = 181EDAB326AF020800184BB1 /* AppDelegate.swift */; };
		181EDAB626AF024300184BB1 /* ARScene.swift in Sources */ = {isa = PBXBuildFile; fileRef = 181EDAB526AF024300184BB1 /* ARScene.swift */; };
		181EDAB826AF027A00184BB1 /* ARDataModel.swift in Sources */ = {isa = PBXBuildFile; fileRef = 181EDAB726AF027A00184BB1 /* ARDataModel.swift */; };
		18EB0E8026C5653800026FA8 /* Old Reference Code.swift in Sources */ = {isa = PBXBuildFile; fileRef = 18EB0E7F26C5653800026FA8 /* Old Reference Code.swift */; };
/* End PBXBuildFile section */

/* Begin PBXContainerItemProxy section */
		181EDA9726AF019B00184BB1 /* PBXContainerItemProxy */ = {
			isa = PBXContainerItemProxy;
			containerPortal = 181EDA7E26AF019900184BB1 /* Project object */;
			proxyType = 1;
			remoteGlobalIDString = 181EDA8526AF019900184BB1;
			remoteInfo = ARElementary;
		};
		181EDAA126AF019B00184BB1 /* PBXContainerItemProxy */ = {
			isa = PBXContainerItemProxy;
			containerPortal = 181EDA7E26AF019900184BB1 /* Project object */;
			proxyType = 1;
			remoteGlobalIDString = 181EDA8526AF019900184BB1;
			remoteInfo = ARElementary;
		};
/* End PBXContainerItemProxy section */

/* Begin PBXFileReference section */
		181EDA8626AF019900184BB1 /* ARElementary.app */ = {isa = PBXFileReference; explicitFileType = wrapper.application; includeInIndex = 0; path = ARElementary.app; sourceTree = BUILT_PRODUCTS_DIR; };
		181EDA8926AF019900184BB1 /* ARElementaryApp.swift */ = {isa = PBXFileReference; lastKnownFileType = sourcecode.swift; path = ARElementaryApp.swift; sourceTree = "<group>"; };
		181EDA8B26AF019900184BB1 /* ContentView.swift */ = {isa = PBXFileReference; lastKnownFileType = sourcecode.swift; path = ContentView.swift; sourceTree = "<group>"; };
		181EDA8D26AF019B00184BB1 /* Assets.xcassets */ = {isa = PBXFileReference; lastKnownFileType = folder.assetcatalog; path = Assets.xcassets; sourceTree = "<group>"; };
		181EDA9026AF019B00184BB1 /* Preview Assets.xcassets */ = {isa = PBXFileReference; lastKnownFileType = folder.assetcatalog; path = "Preview Assets.xcassets"; sourceTree = "<group>"; };
		181EDA9626AF019B00184BB1 /* ARElementaryTests.xctest */ = {isa = PBXFileReference; explicitFileType = wrapper.cfbundle; includeInIndex = 0; path = ARElementaryTests.xctest; sourceTree = BUILT_PRODUCTS_DIR; };
		181EDA9A26AF019B00184BB1 /* ARElementaryTests.swift */ = {isa = PBXFileReference; lastKnownFileType = sourcecode.swift; path = ARElementaryTests.swift; sourceTree = "<group>"; };
		181EDAA026AF019B00184BB1 /* ARElementaryUITests.xctest */ = {isa = PBXFileReference; explicitFileType = wrapper.cfbundle; includeInIndex = 0; path = ARElementaryUITests.xctest; sourceTree = BUILT_PRODUCTS_DIR; };
		181EDAA426AF019B00184BB1 /* ARElementaryUITests.swift */ = {isa = PBXFileReference; lastKnownFileType = sourcecode.swift; path = ARElementaryUITests.swift; sourceTree = "<group>"; };
		181EDAB126AF01E000184BB1 /* Experience.rcproject */ = {isa = PBXFileReference; lastKnownFileType = file.rcproject; path = Experience.rcproject; sourceTree = "<group>"; };
		181EDAB326AF020800184BB1 /* AppDelegate.swift */ = {isa = PBXFileReference; lastKnownFileType = sourcecode.swift; path = AppDelegate.swift; sourceTree = "<group>"; };
		181EDAB526AF024300184BB1 /* ARScene.swift */ = {isa = PBXFileReference; lastKnownFileType = sourcecode.swift; path = ARScene.swift; sourceTree = "<group>"; };
		181EDAB726AF027A00184BB1 /* ARDataModel.swift */ = {isa = PBXFileReference; lastKnownFileType = sourcecode.swift; path = ARDataModel.swift; sourceTree = "<group>"; };
		181EDAB926AF02BF00184BB1 /* Info.plist */ = {isa = PBXFileReference; lastKnownFileType = text.plist; path = Info.plist; sourceTree = "<group>"; };
		18EB0E7F26C5653800026FA8 /* Old Reference Code.swift */ = {isa = PBXFileReference; lastKnownFileType = sourcecode.swift; path = "Old Reference Code.swift"; sourceTree = "<group>"; };
/* End PBXFileReference section */

/* Begin PBXFrameworksBuildPhase section */
		181EDA8326AF019900184BB1 /* Frameworks */ = {
			isa = PBXFrameworksBuildPhase;
			buildActionMask = 2147483647;
			files = (
			);
			runOnlyForDeploymentPostprocessing = 0;
		};
		181EDA9326AF019B00184BB1 /* Frameworks */ = {
			isa = PBXFrameworksBuildPhase;
			buildActionMask = 2147483647;
			files = (
			);
			runOnlyForDeploymentPostprocessing = 0;
		};
		181EDA9D26AF019B00184BB1 /* Frameworks */ = {
			isa = PBXFrameworksBuildPhase;
			buildActionMask = 2147483647;
			files = (
			);
			runOnlyForDeploymentPostprocessing = 0;
		};
/* End PBXFrameworksBuildPhase section */

/* Begin PBXGroup section */
		181EDA7D26AF019900184BB1 = {
			isa = PBXGroup;
			children = (
				181EDA8826AF019900184BB1 /* ARElementary */,
				181EDA9926AF019B00184BB1 /* ARElementaryTests */,
				181EDAA326AF019B00184BB1 /* ARElementaryUITests */,
				181EDA8726AF019900184BB1 /* Products */,
			);
			sourceTree = "<group>";
		};
		181EDA8726AF019900184BB1 /* Products */ = {
			isa = PBXGroup;
			children = (
				181EDA8626AF019900184BB1 /* ARElementary.app */,
				181EDA9626AF019B00184BB1 /* ARElementaryTests.xctest */,
				181EDAA026AF019B00184BB1 /* ARElementaryUITests.xctest */,
			);
			name = Products;
			sourceTree = "<group>";
		};
		181EDA8826AF019900184BB1 /* ARElementary */ = {
			isa = PBXGroup;
			children = (
				181EDAB926AF02BF00184BB1 /* Info.plist */,
				181EDAB326AF020800184BB1 /* AppDelegate.swift */,
				181EDA8926AF019900184BB1 /* ARElementaryApp.swift */,
				181EDA8B26AF019900184BB1 /* ContentView.swift */,
				181EDAB526AF024300184BB1 /* ARScene.swift */,
				181EDAB726AF027A00184BB1 /* ARDataModel.swift */,
				181EDAB126AF01E000184BB1 /* Experience.rcproject */,
				181EDA8D26AF019B00184BB1 /* Assets.xcassets */,
				181EDA8F26AF019B00184BB1 /* Preview Content */,
				18EB0E7F26C5653800026FA8 /* Old Reference Code.swift */,
			);
			path = ARElementary;
			sourceTree = "<group>";
		};
		181EDA8F26AF019B00184BB1 /* Preview Content */ = {
			isa = PBXGroup;
			children = (
				181EDA9026AF019B00184BB1 /* Preview Assets.xcassets */,
			);
			path = "Preview Content";
			sourceTree = "<group>";
		};
		181EDA9926AF019B00184BB1 /* ARElementaryTests */ = {
			isa = PBXGroup;
			children = (
				181EDA9A26AF019B00184BB1 /* ARElementaryTests.swift */,
			);
			path = ARElementaryTests;
			sourceTree = "<group>";
		};
		181EDAA326AF019B00184BB1 /* ARElementaryUITests */ = {
			isa = PBXGroup;
			children = (
				181EDAA426AF019B00184BB1 /* ARElementaryUITests.swift */,
			);
			path = ARElementaryUITests;
			sourceTree = "<group>";
		};
/* End PBXGroup section */

/* Begin PBXNativeTarget section */
		181EDA8526AF019900184BB1 /* ARElementary */ = {
			isa = PBXNativeTarget;
			buildConfigurationList = 181EDAA826AF019B00184BB1 /* Build configuration list for PBXNativeTarget "ARElementary" */;
			buildPhases = (
				181EDA8226AF019900184BB1 /* Sources */,
				181EDA8326AF019900184BB1 /* Frameworks */,
				181EDA8426AF019900184BB1 /* Resources */,
			);
			buildRules = (
			);
			dependencies = (
			);
			name = ARElementary;
			packageProductDependencies = (
			);
			productName = ARElementary;
			productReference = 181EDA8626AF019900184BB1 /* ARElementary.app */;
			productType = "com.apple.product-type.application";
		};
		181EDA9526AF019B00184BB1 /* ARElementaryTests */ = {
			isa = PBXNativeTarget;
			buildConfigurationList = 181EDAAB26AF019B00184BB1 /* Build configuration list for PBXNativeTarget "ARElementaryTests" */;
			buildPhases = (
				181EDA9226AF019B00184BB1 /* Sources */,
				181EDA9326AF019B00184BB1 /* Frameworks */,
				181EDA9426AF019B00184BB1 /* Resources */,
			);
			buildRules = (
			);
			dependencies = (
				181EDA9826AF019B00184BB1 /* PBXTargetDependency */,
			);
			name = ARElementaryTests;
			productName = ARElementaryTests;
			productReference = 181EDA9626AF019B00184BB1 /* ARElementaryTests.xctest */;
			productType = "com.apple.product-type.bundle.unit-test";
		};
		181EDA9F26AF019B00184BB1 /* ARElementaryUITests */ = {
			isa = PBXNativeTarget;
			buildConfigurationList = 181EDAAE26AF019B00184BB1 /* Build configuration list for PBXNativeTarget "ARElementaryUITests" */;
			buildPhases = (
				181EDA9C26AF019B00184BB1 /* Sources */,
				181EDA9D26AF019B00184BB1 /* Frameworks */,
				181EDA9E26AF019B00184BB1 /* Resources */,
			);
			buildRules = (
			);
			dependencies = (
				181EDAA226AF019B00184BB1 /* PBXTargetDependency */,
			);
			name = ARElementaryUITests;
			productName = ARElementaryUITests;
			productReference = 181EDAA026AF019B00184BB1 /* ARElementaryUITests.xctest */;
			productType = "com.apple.product-type.bundle.ui-testing";
		};
/* End PBXNativeTarget section */

/* Begin PBXProject section */
		181EDA7E26AF019900184BB1 /* Project object */ = {
			isa = PBXProject;
			attributes = {
				BuildIndependentTargetsInParallel = 1;
				LastSwiftUpdateCheck = 1300;
				LastUpgradeCheck = 1300;
				TargetAttributes = {
					181EDA8526AF019900184BB1 = {
						CreatedOnToolsVersion = 13.0;
					};
					181EDA9526AF019B00184BB1 = {
						CreatedOnToolsVersion = 13.0;
						TestTargetID = 181EDA8526AF019900184BB1;
					};
					181EDA9F26AF019B00184BB1 = {
						CreatedOnToolsVersion = 13.0;
						TestTargetID = 181EDA8526AF019900184BB1;
					};
				};
			};
			buildConfigurationList = 181EDA8126AF019900184BB1 /* Build configuration list for PBXProject "ARElementary" */;
			compatibilityVersion = "Xcode 13.0";
			developmentRegion = en;
			hasScannedForEncodings = 0;
			knownRegions = (
				en,
				Base,
			);
			mainGroup = 181EDA7D26AF019900184BB1;
			packageReferences = (
			);
			productRefGroup = 181EDA8726AF019900184BB1 /* Products */;
			projectDirPath = "";
			projectRoot = "";
			targets = (
				181EDA8526AF019900184BB1 /* ARElementary */,
				181EDA9526AF019B00184BB1 /* ARElementaryTests */,
				181EDA9F26AF019B00184BB1 /* ARElementaryUITests */,
			);
		};
/* End PBXProject section */

/* Begin PBXResourcesBuildPhase section */
		181EDA8426AF019900184BB1 /* Resources */ = {
			isa = PBXResourcesBuildPhase;
			buildActionMask = 2147483647;
			files = (
				181EDA9126AF019B00184BB1 /* Preview Assets.xcassets in Resources */,
				181EDA8E26AF019B00184BB1 /* Assets.xcassets in Resources */,
			);
			runOnlyForDeploymentPostprocessing = 0;
		};
		181EDA9426AF019B00184BB1 /* Resources */ = {
			isa = PBXResourcesBuildPhase;
			buildActionMask = 2147483647;
			files = (
			);
			runOnlyForDeploymentPostprocessing = 0;
		};
		181EDA9E26AF019B00184BB1 /* Resources */ = {
			isa = PBXResourcesBuildPhase;
			buildActionMask = 2147483647;
			files = (
			);
			runOnlyForDeploymentPostprocessing = 0;
		};
/* End PBXResourcesBuildPhase section */

/* Begin PBXSourcesBuildPhase section */
		181EDA8226AF019900184BB1 /* Sources */ = {
			isa = PBXSourcesBuildPhase;
			buildActionMask = 2147483647;
			files = (
				181EDAB626AF024300184BB1 /* ARScene.swift in Sources */,
				181EDAB426AF020800184BB1 /* AppDelegate.swift in Sources */,
				18EB0E8026C5653800026FA8 /* Old Reference Code.swift in Sources */,
				181EDA8C26AF019900184BB1 /* ContentView.swift in Sources */,
				181EDA8A26AF019900184BB1 /* ARElementaryApp.swift in Sources */,
				181EDAB826AF027A00184BB1 /* ARDataModel.swift in Sources */,
				181EDAB226AF01E000184BB1 /* Experience.rcproject in Sources */,
			);
			runOnlyForDeploymentPostprocessing = 0;
		};
		181EDA9226AF019B00184BB1 /* Sources */ = {
			isa = PBXSourcesBuildPhase;
			buildActionMask = 2147483647;
			files = (
				181EDA9B26AF019B00184BB1 /* ARElementaryTests.swift in Sources */,
			);
			runOnlyForDeploymentPostprocessing = 0;
		};
		181EDA9C26AF019B00184BB1 /* Sources */ = {
			isa = PBXSourcesBuildPhase;
			buildActionMask = 2147483647;
			files = (
				181EDAA526AF019B00184BB1 /* ARElementaryUITests.swift in Sources */,
			);
			runOnlyForDeploymentPostprocessing = 0;
		};
/* End PBXSourcesBuildPhase section */

/* Begin PBXTargetDependency section */
		181EDA9826AF019B00184BB1 /* PBXTargetDependency */ = {
			isa = PBXTargetDependency;
			target = 181EDA8526AF019900184BB1 /* ARElementary */;
			targetProxy = 181EDA9726AF019B00184BB1 /* PBXContainerItemProxy */;
		};
		181EDAA226AF019B00184BB1 /* PBXTargetDependency */ = {
			isa = PBXTargetDependency;
			target = 181EDA8526AF019900184BB1 /* ARElementary */;
			targetProxy = 181EDAA126AF019B00184BB1 /* PBXContainerItemProxy */;
		};
/* End PBXTargetDependency section */

/* Begin XCBuildConfiguration section */
		181EDAA626AF019B00184BB1 /* Debug */ = {
			isa = XCBuildConfiguration;
			buildSettings = {
				ALWAYS_SEARCH_USER_PATHS = NO;
				CLANG_ANALYZER_NONNULL = YES;
				CLANG_ANALYZER_NUMBER_OBJECT_CONVERSION = YES_AGGRESSIVE;
				CLANG_CXX_LANGUAGE_STANDARD = "gnu++14";
				CLANG_CXX_LIBRARY = "libc++";
				CLANG_ENABLE_MODULES = YES;
				CLANG_ENABLE_OBJC_ARC = YES;
				CLANG_ENABLE_OBJC_WEAK = YES;
				CLANG_WARN_BLOCK_CAPTURE_AUTORELEASING = YES;
				CLANG_WARN_BOOL_CONVERSION = YES;
				CLANG_WARN_COMMA = YES;
				CLANG_WARN_CONSTANT_CONVERSION = YES;
				CLANG_WARN_DEPRECATED_OBJC_IMPLEMENTATIONS = YES;
				CLANG_WARN_DIRECT_OBJC_ISA_USAGE = YES_ERROR;
				CLANG_WARN_DOCUMENTATION_COMMENTS = YES;
				CLANG_WARN_EMPTY_BODY = YES;
				CLANG_WARN_ENUM_CONVERSION = YES;
				CLANG_WARN_INFINITE_RECURSION = YES;
				CLANG_WARN_INT_CONVERSION = YES;
				CLANG_WARN_NON_LITERAL_NULL_CONVERSION = YES;
				CLANG_WARN_OBJC_IMPLICIT_RETAIN_SELF = YES;
				CLANG_WARN_OBJC_LITERAL_CONVERSION = YES;
				CLANG_WARN_OBJC_ROOT_CLASS = YES_ERROR;
				CLANG_WARN_QUOTED_INCLUDE_IN_FRAMEWORK_HEADER = YES;
				CLANG_WARN_RANGE_LOOP_ANALYSIS = YES;
				CLANG_WARN_STRICT_PROTOTYPES = YES;
				CLANG_WARN_SUSPICIOUS_MOVE = YES;
				CLANG_WARN_UNGUARDED_AVAILABILITY = YES_AGGRESSIVE;
				CLANG_WARN_UNREACHABLE_CODE = YES;
				CLANG_WARN__DUPLICATE_METHOD_MATCH = YES;
				COPY_PHASE_STRIP = NO;
				DEBUG_INFORMATION_FORMAT = dwarf;
				ENABLE_STRICT_OBJC_MSGSEND = YES;
				ENABLE_TESTABILITY = YES;
				GCC_C_LANGUAGE_STANDARD = gnu11;
				GCC_DYNAMIC_NO_PIC = NO;
				GCC_NO_COMMON_BLOCKS = YES;
				GCC_OPTIMIZATION_LEVEL = 0;
				GCC_PREPROCESSOR_DEFINITIONS = (
					"DEBUG=1",
					"$(inherited)",
				);
				GCC_WARN_64_TO_32_BIT_CONVERSION = YES;
				GCC_WARN_ABOUT_RETURN_TYPE = YES_ERROR;
				GCC_WARN_UNDECLARED_SELECTOR = YES;
				GCC_WARN_UNINITIALIZED_AUTOS = YES_AGGRESSIVE;
				GCC_WARN_UNUSED_FUNCTION = YES;
				GCC_WARN_UNUSED_VARIABLE = YES;
				IPHONEOS_DEPLOYMENT_TARGET = 15.0;
				MTL_ENABLE_DEBUG_INFO = INCLUDE_SOURCE;
				MTL_FAST_MATH = YES;
				ONLY_ACTIVE_ARCH = YES;
				SDKROOT = iphoneos;
				SWIFT_ACTIVE_COMPILATION_CONDITIONS = DEBUG;
				SWIFT_OPTIMIZATION_LEVEL = "-Onone";
			};
			name = Debug;
		};
		181EDAA726AF019B00184BB1 /* Release */ = {
			isa = XCBuildConfiguration;
			buildSettings = {
				ALWAYS_SEARCH_USER_PATHS = NO;
				CLANG_ANALYZER_NONNULL = YES;
				CLANG_ANALYZER_NUMBER_OBJECT_CONVERSION = YES_AGGRESSIVE;
				CLANG_CXX_LANGUAGE_STANDARD = "gnu++14";
				CLANG_CXX_LIBRARY = "libc++";
				CLANG_ENABLE_MODULES = YES;
				CLANG_ENABLE_OBJC_ARC = YES;
				CLANG_ENABLE_OBJC_WEAK = YES;
				CLANG_WARN_BLOCK_CAPTURE_AUTORELEASING = YES;
				CLANG_WARN_BOOL_CONVERSION = YES;
				CLANG_WARN_COMMA = YES;
				CLANG_WARN_CONSTANT_CONVERSION = YES;
				CLANG_WARN_DEPRECATED_OBJC_IMPLEMENTATIONS = YES;
				CLANG_WARN_DIRECT_OBJC_ISA_USAGE = YES_ERROR;
				CLANG_WARN_DOCUMENTATION_COMMENTS = YES;
				CLANG_WARN_EMPTY_BODY = YES;
				CLANG_WARN_ENUM_CONVERSION = YES;
				CLANG_WARN_INFINITE_RECURSION = YES;
				CLANG_WARN_INT_CONVERSION = YES;
				CLANG_WARN_NON_LITERAL_NULL_CONVERSION = YES;
				CLANG_WARN_OBJC_IMPLICIT_RETAIN_SELF = YES;
				CLANG_WARN_OBJC_LITERAL_CONVERSION = YES;
				CLANG_WARN_OBJC_ROOT_CLASS = YES_ERROR;
				CLANG_WARN_QUOTED_INCLUDE_IN_FRAMEWORK_HEADER = YES;
				CLANG_WARN_RANGE_LOOP_ANALYSIS = YES;
				CLANG_WARN_STRICT_PROTOTYPES = YES;
				CLANG_WARN_SUSPICIOUS_MOVE = YES;
				CLANG_WARN_UNGUARDED_AVAILABILITY = YES_AGGRESSIVE;
				CLANG_WARN_UNREACHABLE_CODE = YES;
				CLANG_WARN__DUPLICATE_METHOD_MATCH = YES;
				COPY_PHASE_STRIP = NO;
				DEBUG_INFORMATION_FORMAT = "dwarf-with-dsym";
				ENABLE_NS_ASSERTIONS = NO;
				ENABLE_STRICT_OBJC_MSGSEND = YES;
				GCC_C_LANGUAGE_STANDARD = gnu11;
				GCC_NO_COMMON_BLOCKS = YES;
				GCC_WARN_64_TO_32_BIT_CONVERSION = YES;
				GCC_WARN_ABOUT_RETURN_TYPE = YES_ERROR;
				GCC_WARN_UNDECLARED_SELECTOR = YES;
				GCC_WARN_UNINITIALIZED_AUTOS = YES_AGGRESSIVE;
				GCC_WARN_UNUSED_FUNCTION = YES;
				GCC_WARN_UNUSED_VARIABLE = YES;
				IPHONEOS_DEPLOYMENT_TARGET = 15.0;
				MTL_ENABLE_DEBUG_INFO = NO;
				MTL_FAST_MATH = YES;
				SDKROOT = iphoneos;
				SWIFT_COMPILATION_MODE = wholemodule;
				SWIFT_OPTIMIZATION_LEVEL = "-O";
				VALIDATE_PRODUCT = YES;
			};
			name = Release;
		};
		181EDAA926AF019B00184BB1 /* Debug */ = {
			isa = XCBuildConfiguration;
			buildSettings = {
				ASSETCATALOG_COMPILER_APPICON_NAME = AppIcon;
				ASSETCATALOG_COMPILER_GLOBAL_ACCENT_COLOR_NAME = AccentColor;
				CODE_SIGN_STYLE = Automatic;
				CURRENT_PROJECT_VERSION = 1;
				DEVELOPMENT_ASSET_PATHS = "\"ARElementary/Preview Content\"";
				DEVELOPMENT_TEAM = 4Q332864D3;
				ENABLE_PREVIEWS = YES;
				GENERATE_INFOPLIST_FILE = YES;
				INFOPLIST_FILE = ARElementary/Info.plist;
				INFOPLIST_KEY_CFBundleExecutable = ARElementary;
				INFOPLIST_KEY_CFBundleName = ARElementary;
				INFOPLIST_KEY_CFBundleVersion = 1;
				INFOPLIST_KEY_NSCameraUsageDescription = "Allow access to the camera to support Augmented Reality.";
				INFOPLIST_KEY_UIApplicationSupportsIndirectInputEvents = YES;
				INFOPLIST_KEY_UILaunchScreen_Generation = YES;
				INFOPLIST_KEY_UIRequiredDeviceCapabilities = arkit;
				INFOPLIST_KEY_UIRequiresFullScreen = YES;
				INFOPLIST_KEY_UIStatusBarHidden = YES;
				INFOPLIST_KEY_UISupportedInterfaceOrientations_iPad = "UIInterfaceOrientationPortrait UIInterfaceOrientationPortraitUpsideDown UIInterfaceOrientationLandscapeLeft UIInterfaceOrientationLandscapeRight";
				INFOPLIST_KEY_UISupportedInterfaceOrientations_iPhone = "UIInterfaceOrientationPortrait UIInterfaceOrientationLandscapeLeft UIInterfaceOrientationLandscapeRight";
				IPHONEOS_DEPLOYMENT_TARGET = 15.0;
				LD_RUNPATH_SEARCH_PATHS = (
					"$(inherited)",
					"@executable_path/Frameworks",
				);
				MARKETING_VERSION = 1.0;
				PRODUCT_BUNDLE_IDENTIFIER = com.ImpulseCoupledDevelopment.ARElementary;
				PRODUCT_NAME = "$(TARGET_NAME)";
				SWIFT_EMIT_LOC_STRINGS = YES;
				SWIFT_VERSION = 5.0;
				TARGETED_DEVICE_FAMILY = "1,2";
			};
			name = Debug;
		};
		181EDAAA26AF019B00184BB1 /* Release */ = {
			isa = XCBuildConfiguration;
			buildSettings = {
				ASSETCATALOG_COMPILER_APPICON_NAME = AppIcon;
				ASSETCATALOG_COMPILER_GLOBAL_ACCENT_COLOR_NAME = AccentColor;
				CODE_SIGN_STYLE = Automatic;
				CURRENT_PROJECT_VERSION = 1;
				DEVELOPMENT_ASSET_PATHS = "\"ARElementary/Preview Content\"";
				DEVELOPMENT_TEAM = 4Q332864D3;
				ENABLE_PREVIEWS = YES;
				GENERATE_INFOPLIST_FILE = YES;
				INFOPLIST_FILE = ARElementary/Info.plist;
				INFOPLIST_KEY_CFBundleExecutable = ARElementary;
				INFOPLIST_KEY_CFBundleName = ARElementary;
				INFOPLIST_KEY_CFBundleVersion = 1;
				INFOPLIST_KEY_NSCameraUsageDescription = "Allow access to the camera to support Augmented Reality.";
				INFOPLIST_KEY_UIApplicationSupportsIndirectInputEvents = YES;
				INFOPLIST_KEY_UILaunchScreen_Generation = YES;
				INFOPLIST_KEY_UIRequiredDeviceCapabilities = arkit;
				INFOPLIST_KEY_UIRequiresFullScreen = YES;
				INFOPLIST_KEY_UIStatusBarHidden = YES;
				INFOPLIST_KEY_UISupportedInterfaceOrientations_iPad = "UIInterfaceOrientationPortrait UIInterfaceOrientationPortraitUpsideDown UIInterfaceOrientationLandscapeLeft UIInterfaceOrientationLandscapeRight";
				INFOPLIST_KEY_UISupportedInterfaceOrientations_iPhone = "UIInterfaceOrientationPortrait UIInterfaceOrientationLandscapeLeft UIInterfaceOrientationLandscapeRight";
				IPHONEOS_DEPLOYMENT_TARGET = 15.0;
				LD_RUNPATH_SEARCH_PATHS = (
					"$(inherited)",
					"@executable_path/Frameworks",
				);
				MARKETING_VERSION = 1.0;
				PRODUCT_BUNDLE_IDENTIFIER = com.ImpulseCoupledDevelopment.ARElementary;
				PRODUCT_NAME = "$(TARGET_NAME)";
				SWIFT_EMIT_LOC_STRINGS = YES;
				SWIFT_VERSION = 5.0;
				TARGETED_DEVICE_FAMILY = "1,2";
			};
			name = Release;
		};
		181EDAAC26AF019B00184BB1 /* Debug */ = {
			isa = XCBuildConfiguration;
			buildSettings = {
				ALWAYS_EMBED_SWIFT_STANDARD_LIBRARIES = YES;
				BUNDLE_LOADER = "$(TEST_HOST)";
				CODE_SIGN_STYLE = Automatic;
				CURRENT_PROJECT_VERSION = 1;
				DEVELOPMENT_TEAM = 4Q332864D3;
				GENERATE_INFOPLIST_FILE = YES;
				IPHONEOS_DEPLOYMENT_TARGET = 14.0;
				LD_RUNPATH_SEARCH_PATHS = (
					"$(inherited)",
					"@executable_path/Frameworks",
					"@loader_path/Frameworks",
				);
				MARKETING_VERSION = 1.0;
				PRODUCT_BUNDLE_IDENTIFIER = com.ImpulseCoupledDevelopment.ARElementaryTests;
				PRODUCT_NAME = "$(TARGET_NAME)";
				SWIFT_EMIT_LOC_STRINGS = NO;
				SWIFT_VERSION = 5.0;
				TARGETED_DEVICE_FAMILY = "1,2";
				TEST_HOST = "$(BUILT_PRODUCTS_DIR)/ARElementary.app/ARElementary";
			};
			name = Debug;
		};
		181EDAAD26AF019B00184BB1 /* Release */ = {
			isa = XCBuildConfiguration;
			buildSettings = {
				ALWAYS_EMBED_SWIFT_STANDARD_LIBRARIES = YES;
				BUNDLE_LOADER = "$(TEST_HOST)";
				CODE_SIGN_STYLE = Automatic;
				CURRENT_PROJECT_VERSION = 1;
				DEVELOPMENT_TEAM = 4Q332864D3;
				GENERATE_INFOPLIST_FILE = YES;
				IPHONEOS_DEPLOYMENT_TARGET = 14.0;
				LD_RUNPATH_SEARCH_PATHS = (
					"$(inherited)",
					"@executable_path/Frameworks",
					"@loader_path/Frameworks",
				);
				MARKETING_VERSION = 1.0;
				PRODUCT_BUNDLE_IDENTIFIER = com.ImpulseCoupledDevelopment.ARElementaryTests;
				PRODUCT_NAME = "$(TARGET_NAME)";
				SWIFT_EMIT_LOC_STRINGS = NO;
				SWIFT_VERSION = 5.0;
				TARGETED_DEVICE_FAMILY = "1,2";
				TEST_HOST = "$(BUILT_PRODUCTS_DIR)/ARElementary.app/ARElementary";
			};
			name = Release;
		};
		181EDAAF26AF019B00184BB1 /* Debug */ = {
			isa = XCBuildConfiguration;
			buildSettings = {
				ALWAYS_EMBED_SWIFT_STANDARD_LIBRARIES = YES;
				CODE_SIGN_STYLE = Automatic;
				CURRENT_PROJECT_VERSION = 1;
				DEVELOPMENT_TEAM = 4Q332864D3;
				GENERATE_INFOPLIST_FILE = YES;
				LD_RUNPATH_SEARCH_PATHS = (
					"$(inherited)",
					"@executable_path/Frameworks",
					"@loader_path/Frameworks",
				);
				MARKETING_VERSION = 1.0;
				PRODUCT_BUNDLE_IDENTIFIER = com.ImpulseCoupledDevelopment.ARElementaryUITests;
				PRODUCT_NAME = "$(TARGET_NAME)";
				SWIFT_EMIT_LOC_STRINGS = NO;
				SWIFT_VERSION = 5.0;
				TARGETED_DEVICE_FAMILY = "1,2";
				TEST_TARGET_NAME = ARElementary;
			};
			name = Debug;
		};
		181EDAB026AF019B00184BB1 /* Release */ = {
			isa = XCBuildConfiguration;
			buildSettings = {
				ALWAYS_EMBED_SWIFT_STANDARD_LIBRARIES = YES;
				CODE_SIGN_STYLE = Automatic;
				CURRENT_PROJECT_VERSION = 1;
				DEVELOPMENT_TEAM = 4Q332864D3;
				GENERATE_INFOPLIST_FILE = YES;
				LD_RUNPATH_SEARCH_PATHS = (
					"$(inherited)",
					"@executable_path/Frameworks",
					"@loader_path/Frameworks",
				);
				MARKETING_VERSION = 1.0;
				PRODUCT_BUNDLE_IDENTIFIER = com.ImpulseCoupledDevelopment.ARElementaryUITests;
				PRODUCT_NAME = "$(TARGET_NAME)";
				SWIFT_EMIT_LOC_STRINGS = NO;
				SWIFT_VERSION = 5.0;
				TARGETED_DEVICE_FAMILY = "1,2";
				TEST_TARGET_NAME = ARElementary;
			};
			name = Release;
		};
/* End XCBuildConfiguration section */

/* Begin XCConfigurationList section */
		181EDA8126AF019900184BB1 /* Build configuration list for PBXProject "ARElementary" */ = {
			isa = XCConfigurationList;
			buildConfigurations = (
				181EDAA626AF019B00184BB1 /* Debug */,
				181EDAA726AF019B00184BB1 /* Release */,
			);
			defaultConfigurationIsVisible = 0;
			defaultConfigurationName = Release;
		};
		181EDAA826AF019B00184BB1 /* Build configuration list for PBXNativeTarget "ARElementary" */ = {
			isa = XCConfigurationList;
			buildConfigurations = (
				181EDAA926AF019B00184BB1 /* Debug */,
				181EDAAA26AF019B00184BB1 /* Release */,
			);
			defaultConfigurationIsVisible = 0;
			defaultConfigurationName = Release;
		};
		181EDAAB26AF019B00184BB1 /* Build configuration list for PBXNativeTarget "ARElementaryTests" */ = {
			isa = XCConfigurationList;
			buildConfigurations = (
				181EDAAC26AF019B00184BB1 /* Debug */,
				181EDAAD26AF019B00184BB1 /* Release */,
			);
			defaultConfigurationIsVisible = 0;
			defaultConfigurationName = Release;
		};
		181EDAAE26AF019B00184BB1 /* Build configuration list for PBXNativeTarget "ARElementaryUITests" */ = {
			isa = XCConfigurationList;
			buildConfigurations = (
				181EDAAF26AF019B00184BB1 /* Debug */,
				181EDAB026AF019B00184BB1 /* Release */,
			);
			defaultConfigurationIsVisible = 0;
			defaultConfigurationName = Release;
		};
/* End XCConfigurationList section */
	};
	rootObject = 181EDA7E26AF019900184BB1 /* Project object */;
}
